
Microsoft Visual Studio Solution File, Format Version 12.00
# Visual Studio 15
VisualStudioVersion = 15.0.26730.15
MinimumVisualStudioVersion = 10.0.40219.1
Project("{FAE04EC0-301F-11D3-BF4B-00C04F79EFBC}") = "HostApp", "HostApp\HostApp.csproj", "{803F0BD0-175B-4556-AD21-AA16731A166F}"
EndProject
Global
	GlobalSection(SolutionConfigurationPlatforms) = preSolution
		Debug|Any CPU = Debug|Any CPU
		Release|Any CPU = Release|Any CPU
	EndGlobalSection
	GlobalSection(ProjectConfigurationPlatforms) = postSolution
		{803F0BD0-175B-4556-AD21-AA16731A166F}.Debug|Any CPU.ActiveCfg = Debug|Any CPU
		{803F0BD0-175B-4556-AD21-AA16731A166F}.Debug|Any CPU.Build.0 = Debug|Any CPU
		{803F0BD0-175B-4556-AD21-AA16731A166F}.Release|Any CPU.ActiveCfg = Release|Any CPU
		{803F0BD0-175B-4556-AD21-AA16731A166F}.Release|Any CPU.Build.0 = Release|Any CPU
	EndGlobalSection
	GlobalSection(SolutionProperties) = preSolution
		HideSolutionNode = FALSE
	EndGlobalSection
	GlobalSection(ExtensibilityGlobals) = postSolution
		SolutionGuid = {C34DA332-F425-4D15-B752-1A38872907D3}
	EndGlobalSection
EndGlobal
